
Microsoft Visual Studio Solution File, Format Version 12.00
# Visual Studio Version 16
VisualStudioVersion = 16.0.30011.22
MinimumVisualStudioVersion = 10.0.40219.1
Project("{FAE04EC0-301F-11D3-BF4B-00C04F79EFBC}") = "PaperSpigotServerBuilder", "PaperSpigotServerBuilder.csproj", "{2457051D-A9AC-4F26-8F90-72CE93CA732D}"
EndProject
Global
	GlobalSection(SolutionConfigurationPlatforms) = preSolution
		Debug|Any CPU = Debug|Any CPU
		Release|Any CPU = Release|Any CPU
	EndGlobalSection
	GlobalSection(ProjectConfigurationPlatforms) = postSolution
		{2457051D-A9AC-4F26-8F90-72CE93CA732D}.Debug|Any CPU.ActiveCfg = Debug|Any CPU
		{2457051D-A9AC-4F26-8F90-72CE93CA732D}.Debug|Any CPU.Build.0 = Debug|Any CPU
		{2457051D-A9AC-4F26-8F90-72CE93CA732D}.Release|Any CPU.ActiveCfg = Release|Any CPU
		{2457051D-A9AC-4F26-8F90-72CE93CA732D}.Release|Any CPU.Build.0 = Release|Any CPU
	EndGlobalSection
	GlobalSection(SolutionProperties) = preSolution
		HideSolutionNode = FALSE
	EndGlobalSection
	GlobalSection(ExtensibilityGlobals) = postSolution
		SolutionGuid = {90F14E5E-73AA-4E40-BC4B-448DFE7AD0A0}
	EndGlobalSection
EndGlobal
